
Microsoft Visual Studio Solution File, Format Version 12.00
# Visual Studio Version 16
VisualStudioVersion = 25.0.1706.7
MinimumVisualStudioVersion = 10.0.40219.1
Project("{FAE04EC0-301F-11D3-BF4B-00C04F79EFBC}") = "Adapter", "Adapter\Adapter.csproj", "{377C9B27-CCED-4D90-AA65-CF1A9C047DA9}"
EndProject
Global
	GlobalSection(SolutionConfigurationPlatforms) = preSolution
		Debug|Any CPU = Debug|Any CPU
		Release|Any CPU = Release|Any CPU
	EndGlobalSection
	GlobalSection(ProjectConfigurationPlatforms) = postSolution
		{377C9B27-CCED-4D90-AA65-CF1A9C047DA9}.Debug|Any CPU.ActiveCfg = Debug|Any CPU
		{377C9B27-CCED-4D90-AA65-CF1A9C047DA9}.Debug|Any CPU.Build.0 = Debug|Any CPU
		{377C9B27-CCED-4D90-AA65-CF1A9C047DA9}.Release|Any CPU.ActiveCfg = Release|Any CPU
		{377C9B27-CCED-4D90-AA65-CF1A9C047DA9}.Release|Any CPU.Build.0 = Release|Any CPU
	EndGlobalSection
	GlobalSection(SolutionProperties) = preSolution
		HideSolutionNode = FALSE
	EndGlobalSection
	GlobalSection(ExtensibilityGlobals) = postSolution
		SolutionGuid = {E4706454-0307-4E78-B5E3-F83C9DD5A4A4}
	EndGlobalSection
EndGlobal
