
Microsoft Visual Studio Solution File, Format Version 12.00
# Visual Studio Version 16
VisualStudioVersion = 25.0.1706.7
MinimumVisualStudioVersion = 10.0.40219.1
Project("{FAE04EC0-301F-11D3-BF4B-00C04F79EFBC}") = "FactoryMethod", "FactoryMethod\FactoryMethod.csproj", "{3EA77A19-60B1-4EF0-A564-1D071D0A308A}"
EndProject
Global
	GlobalSection(SolutionConfigurationPlatforms) = preSolution
		Debug|Any CPU = Debug|Any CPU
		Release|Any CPU = Release|Any CPU
	EndGlobalSection
	GlobalSection(ProjectConfigurationPlatforms) = postSolution
		{3EA77A19-60B1-4EF0-A564-1D071D0A308A}.Debug|Any CPU.ActiveCfg = Debug|Any CPU
		{3EA77A19-60B1-4EF0-A564-1D071D0A308A}.Debug|Any CPU.Build.0 = Debug|Any CPU
		{3EA77A19-60B1-4EF0-A564-1D071D0A308A}.Release|Any CPU.ActiveCfg = Release|Any CPU
		{3EA77A19-60B1-4EF0-A564-1D071D0A308A}.Release|Any CPU.Build.0 = Release|Any CPU
	EndGlobalSection
	GlobalSection(SolutionProperties) = preSolution
		HideSolutionNode = FALSE
	EndGlobalSection
	GlobalSection(ExtensibilityGlobals) = postSolution
		SolutionGuid = {0FB5E49F-CDBA-48E5-9C4D-16A4719B6ED9}
	EndGlobalSection
EndGlobal
