
Microsoft Visual Studio Solution File, Format Version 12.00
# Visual Studio Version 16
VisualStudioVersion = 25.0.1706.7
MinimumVisualStudioVersion = 10.0.40219.1
Project("{FAE04EC0-301F-11D3-BF4B-00C04F79EFBC}") = "Prototype", "Prototype\Prototype.csproj", "{49DED36C-C39B-448A-9836-2DAF934115FD}"
EndProject
Global
	GlobalSection(SolutionConfigurationPlatforms) = preSolution
		Debug|Any CPU = Debug|Any CPU
		Release|Any CPU = Release|Any CPU
	EndGlobalSection
	GlobalSection(ProjectConfigurationPlatforms) = postSolution
		{49DED36C-C39B-448A-9836-2DAF934115FD}.Debug|Any CPU.ActiveCfg = Debug|Any CPU
		{49DED36C-C39B-448A-9836-2DAF934115FD}.Debug|Any CPU.Build.0 = Debug|Any CPU
		{49DED36C-C39B-448A-9836-2DAF934115FD}.Release|Any CPU.ActiveCfg = Release|Any CPU
		{49DED36C-C39B-448A-9836-2DAF934115FD}.Release|Any CPU.Build.0 = Release|Any CPU
	EndGlobalSection
	GlobalSection(SolutionProperties) = preSolution
		HideSolutionNode = FALSE
	EndGlobalSection
	GlobalSection(ExtensibilityGlobals) = postSolution
		SolutionGuid = {38678FEE-97A9-4F43-A0BD-62DD53791537}
	EndGlobalSection
EndGlobal
